github.com/XinRoom/iprange v1.1.5 h1:1a6nARRuejQ968KQPu2Uy1JxId8JuDa282DLioIp//o=
github.com/XinRoom/iprange v1.1.5/go.mod h1:Q5oo7bnEdIYQ8wl5tUyx9x/KdpAJUk+nGw+6TAoxl/0=
github.com/sagernet/sing v0.5.0-beta.2.0.20240922141512-c63546470b53 h1:skd2mM7USFsPTmyaPnnJJVrGWIMGv8PdzVyoKQPdqpU=
github.com/sagernet/sing v0.5.0-beta.2.0.20240922141512-c63546470b53/go.mod h1:ARkL0gM13/Iv5VCZmci/NuoOlePoIsW0m7BWfln/Hak=
github.com/xchacha20-poly1305/anchor v0.2.0-beta.2 h1:4e8XC8pQbyefkGUVrgcWePK+sJn6tj7WhssqIqXruTk=
github.com/xchacha20-poly1305/anchor v0.2.0-beta.2/go.mod h1:iFdbOugS9t/F57ZA2K/kNbqMkvDXX/HP1QRxWw0JsKY=
golang.org/x/sync v0.8.0 h1:3NFvSEYkUoMifnESzZl15y791HH1qU2xm6eCJU5ZPXQ=
golang.org/x/sync v0.8.0/go.mod h1:Czt+wKu1gCyEFDUtn0jG5QVvpJ6rzVqr5aXyt9drQfk=
